github.com/bufbuild/protovalidate v0.3.1 h1:kTUVlT0nWxYy+sZc8r10PCYtCUkhgfMn3Rp7gh5h0Lw=
github.com/googleapis/googleapis v0.0.0-20260323130451-0b3dec847f1045e47991c1539d4c69d8b025cfe8 h1:pbse74waUgJJ+LnBMYuGO0mfj9qM+/pEq9wLJYCQUqE=
github.com/grpc-ecosystem/grpc-gateway v2.19.1 h1:01NNlCezvwUQ07ZvblXH0kelWq8hNl2qb44bOMcaSTQ=
